
Microsoft Visual Studio Solution File, Format Version 12.00
# Visual Studio Version 17
VisualStudioVersion = 17.13.35825.156
MinimumVisualStudioVersion = 10.0.40219.1
Project("{FAE04EC0-301F-11D3-BF4B-00C04F79EFBC}") = "Booking-System.API", "Booking-System.API\Booking-System.API.csproj", "{6F5644F5-4E6A-4DA1-B3D1-FB455DADA2AA}"
EndProject
Project("{FAE04EC0-301F-11D3-BF4B-00C04F79EFBC}") = "Booking-System.Domain", "Booking-System.Domain\Booking-System.Domain.csproj", "{9D2E3283-FF36-403B-A340-715AD6347D61}"
EndProject
Project("{FAE04EC0-301F-11D3-BF4B-00C04F79EFBC}") = "Booking-System.Application", "Booking-System.Application\Booking-System.Application.csproj", "{E0ED1577-802A-4F23-A45D-C9B9ED55CDD9}"
EndProject
Project("{FAE04EC0-301F-11D3-BF4B-00C04F79EFBC}") = "Booking-System.Infrastructure", "Booking-System.Infrastructure\Booking-System.Infrastructure.csproj", "{EB3911D3-4744-49FC-B9B8-A547EA93B28B}"
EndProject
Project("{FAE04EC0-301F-11D3-BF4B-00C04F79EFBC}") = "Booking-System.Application.Tests", "Booking-System.Application.Tests\Booking-System.Application.Tests.csproj", "{067D2330-4C7F-463C-B0A6-A14C4BFA71D1}"
EndProject
Project("{FAE04EC0-301F-11D3-BF4B-00C04F79EFBC}") = "Booking-System.API.Tests", "Booking-System.API.Tests\Booking-System.API.Tests.csproj", "{59F3FCD7-1A3F-4FFD-9A3A-32C90F0DAD1F}"
EndProject
Project("{FAE04EC0-301F-11D3-BF4B-00C04F79EFBC}") = "Booking-System.Infrastructure.Tests", "Booking-System.Infrastructure.Tests\Booking-System.Infrastructure.Tests.csproj", "{9F6074A5-6125-47E8-8D79-BF2756695FE8}"
EndProject
Global
	GlobalSection(SolutionConfigurationPlatforms) = preSolution
		Debug|Any CPU = Debug|Any CPU
		Debug|x64 = Debug|x64
		Debug|x86 = Debug|x86
		Release|Any CPU = Release|Any CPU
		Release|x64 = Release|x64
		Release|x86 = Release|x86
	EndGlobalSection
	GlobalSection(ProjectConfigurationPlatforms) = postSolution
		{6F5644F5-4E6A-4DA1-B3D1-FB455DADA2AA}.Debug|Any CPU.ActiveCfg = Debug|Any CPU
		{6F5644F5-4E6A-4DA1-B3D1-FB455DADA2AA}.Debug|Any CPU.Build.0 = Debug|Any CPU
		{6F5644F5-4E6A-4DA1-B3D1-FB455DADA2AA}.Debug|x64.ActiveCfg = Debug|Any CPU
		{6F5644F5-4E6A-4DA1-B3D1-FB455DADA2AA}.Debug|x64.Build.0 = Debug|Any CPU
		{6F5644F5-4E6A-4DA1-B3D1-FB455DADA2AA}.Debug|x86.ActiveCfg = Debug|Any CPU
		{6F5644F5-4E6A-4DA1-B3D1-FB455DADA2AA}.Debug|x86.Build.0 = Debug|Any CPU
		{6F5644F5-4E6A-4DA1-B3D1-FB455DADA2AA}.Release|Any CPU.ActiveCfg = Release|Any CPU
		{6F5644F5-4E6A-4DA1-B3D1-FB455DADA2AA}.Release|Any CPU.Build.0 = Release|Any CPU
		{6F5644F5-4E6A-4DA1-B3D1-FB455DADA2AA}.Release|x64.ActiveCfg = Release|Any CPU
		{6F5644F5-4E6A-4DA1-B3D1-FB455DADA2AA}.Release|x64.Build.0 = Release|Any CPU
		{6F5644F5-4E6A-4DA1-B3D1-FB455DADA2AA}.Release|x86.ActiveCfg = Release|Any CPU
		{6F5644F5-4E6A-4DA1-B3D1-FB455DADA2AA}.Release|x86.Build.0 = Release|Any CPU
		{9D2E3283-FF36-403B-A340-715AD6347D61}.Debug|Any CPU.ActiveCfg = Debug|Any CPU
		{9D2E3283-FF36-403B-A340-715AD6347D61}.Debug|Any CPU.Build.0 = Debug|Any CPU
		{9D2E3283-FF36-403B-A340-715AD6347D61}.Debug|x64.ActiveCfg = Debug|Any CPU
		{9D2E3283-FF36-403B-A340-715AD6347D61}.Debug|x64.Build.0 = Debug|Any CPU
		{9D2E3283-FF36-403B-A340-715AD6347D61}.Debug|x86.ActiveCfg = Debug|Any CPU
		{9D2E3283-FF36-403B-A340-715AD6347D61}.Debug|x86.Build.0 = Debug|Any CPU
		{9D2E3283-FF36-403B-A340-715AD6347D61}.Release|Any CPU.ActiveCfg = Release|Any CPU
		{9D2E3283-FF36-403B-A340-715AD6347D61}.Release|Any CPU.Build.0 = Release|Any CPU
		{9D2E3283-FF36-403B-A340-715AD6347D61}.Release|x64.ActiveCfg = Release|Any CPU
		{9D2E3283-FF36-403B-A340-715AD6347D61}.Release|x64.Build.0 = Release|Any CPU
		{9D2E3283-FF36-403B-A340-715AD6347D61}.Release|x86.ActiveCfg = Release|Any CPU
		{9D2E3283-FF36-403B-A340-715AD6347D61}.Release|x86.Build.0 = Release|Any CPU
		{E0ED1577-802A-4F23-A45D-C9B9ED55CDD9}.Debug|Any CPU.ActiveCfg = Debug|Any CPU
		{E0ED1577-802A-4F23-A45D-C9B9ED55CDD9}.Debug|Any CPU.Build.0 = Debug|Any CPU
		{E0ED1577-802A-4F23-A45D-C9B9ED55CDD9}.Debug|x64.ActiveCfg = Debug|Any CPU
		{E0ED1577-802A-4F23-A45D-C9B9ED55CDD9}.Debug|x64.Build.0 = Debug|Any CPU
		{E0ED1577-802A-4F23-A45D-C9B9ED55CDD9}.Debug|x86.ActiveCfg = Debug|Any CPU
		{E0ED1577-802A-4F23-A45D-C9B9ED55CDD9}.Debug|x86.Build.0 = Debug|Any CPU
		{E0ED1577-802A-4F23-A45D-C9B9ED55CDD9}.Release|Any CPU.ActiveCfg = Release|Any CPU
		{E0ED1577-802A-4F23-A45D-C9B9ED55CDD9}.Release|Any CPU.Build.0 = Release|Any CPU
		{E0ED1577-802A-4F23-A45D-C9B9ED55CDD9}.Release|x64.ActiveCfg = Release|Any CPU
		{E0ED1577-802A-4F23-A45D-C9B9ED55CDD9}.Release|x64.Build.0 = Release|Any CPU
		{E0ED1577-802A-4F23-A45D-C9B9ED55CDD9}.Release|x86.ActiveCfg = Release|Any CPU
		{E0ED1577-802A-4F23-A45D-C9B9ED55CDD9}.Release|x86.Build.0 = Release|Any CPU
		{EB3911D3-4744-49FC-B9B8-A547EA93B28B}.Debug|Any CPU.ActiveCfg = Debug|Any CPU
		{EB3911D3-4744-49FC-B9B8-A547EA93B28B}.Debug|Any CPU.Build.0 = Debug|Any CPU
		{EB3911D3-4744-49FC-B9B8-A547EA93B28B}.Debug|x64.ActiveCfg = Debug|Any CPU
		{EB3911D3-4744-49FC-B9B8-A547EA93B28B}.Debug|x64.Build.0 = Debug|Any CPU
		{EB3911D3-4744-49FC-B9B8-A547EA93B28B}.Debug|x86.ActiveCfg = Debug|Any CPU
		{EB3911D3-4744-49FC-B9B8-A547EA93B28B}.Debug|x86.Build.0 = Debug|Any CPU
		{EB3911D3-4744-49FC-B9B8-A547EA93B28B}.Release|Any CPU.ActiveCfg = Release|Any CPU
		{EB3911D3-4744-49FC-B9B8-A547EA93B28B}.Release|Any CPU.Build.0 = Release|Any CPU
		{EB3911D3-4744-49FC-B9B8-A547EA93B28B}.Release|x64.ActiveCfg = Release|Any CPU
		{EB3911D3-4744-49FC-B9B8-A547EA93B28B}.Release|x64.Build.0 = Release|Any CPU
		{EB3911D3-4744-49FC-B9B8-A547EA93B28B}.Release|x86.ActiveCfg = Release|Any CPU
		{EB3911D3-4744-49FC-B9B8-A547EA93B28B}.Release|x86.Build.0 = Release|Any CPU
		{067D2330-4C7F-463C-B0A6-A14C4BFA71D1}.Debug|Any CPU.ActiveCfg = Debug|Any CPU
		{067D2330-4C7F-463C-B0A6-A14C4BFA71D1}.Debug|Any CPU.Build.0 = Debug|Any CPU
		{067D2330-4C7F-463C-B0A6-A14C4BFA71D1}.Debug|x64.ActiveCfg = Debug|Any CPU
		{067D2330-4C7F-463C-B0A6-A14C4BFA71D1}.Debug|x64.Build.0 = Debug|Any CPU
		{067D2330-4C7F-463C-B0A6-A14C4BFA71D1}.Debug|x86.ActiveCfg = Debug|Any CPU
		{067D2330-4C7F-463C-B0A6-A14C4BFA71D1}.Debug|x86.Build.0 = Debug|Any CPU
		{067D2330-4C7F-463C-B0A6-A14C4BFA71D1}.Release|Any CPU.ActiveCfg = Release|Any CPU
		{067D2330-4C7F-463C-B0A6-A14C4BFA71D1}.Release|Any CPU.Build.0 = Release|Any CPU
		{067D2330-4C7F-463C-B0A6-A14C4BFA71D1}.Release|x64.ActiveCfg = Release|Any CPU
		{067D2330-4C7F-463C-B0A6-A14C4BFA71D1}.Release|x64.Build.0 = Release|Any CPU
		{067D2330-4C7F-463C-B0A6-A14C4BFA71D1}.Release|x86.ActiveCfg = Release|Any CPU
		{067D2330-4C7F-463C-B0A6-A14C4BFA71D1}.Release|x86.Build.0 = Release|Any CPU
		{59F3FCD7-1A3F-4FFD-9A3A-32C90F0DAD1F}.Debug|Any CPU.ActiveCfg = Debug|Any CPU
		{59F3FCD7-1A3F-4FFD-9A3A-32C90F0DAD1F}.Debug|Any CPU.Build.0 = Debug|Any CPU
		{59F3FCD7-1A3F-4FFD-9A3A-32C90F0DAD1F}.Debug|x64.ActiveCfg = Debug|Any CPU
		{59F3FCD7-1A3F-4FFD-9A3A-32C90F0DAD1F}.Debug|x64.Build.0 = Debug|Any CPU
		{59F3FCD7-1A3F-4FFD-9A3A-32C90F0DAD1F}.Debug|x86.ActiveCfg = Debug|Any CPU
		{59F3FCD7-1A3F-4FFD-9A3A-32C90F0DAD1F}.Debug|x86.Build.0 = Debug|Any CPU
		{59F3FCD7-1A3F-4FFD-9A3A-32C90F0DAD1F}.Release|Any CPU.ActiveCfg = Release|Any CPU
		{59F3FCD7-1A3F-4FFD-9A3A-32C90F0DAD1F}.Release|Any CPU.Build.0 = Release|Any CPU
		{59F3FCD7-1A3F-4FFD-9A3A-32C90F0DAD1F}.Release|x64.ActiveCfg = Release|Any CPU
		{59F3FCD7-1A3F-4FFD-9A3A-32C90F0DAD1F}.Release|x64.Build.0 = Release|Any CPU
		{59F3FCD7-1A3F-4FFD-9A3A-32C90F0DAD1F}.Release|x86.ActiveCfg = Release|Any CPU
		{59F3FCD7-1A3F-4FFD-9A3A-32C90F0DAD1F}.Release|x86.Build.0 = Release|Any CPU
		{9F6074A5-6125-47E8-8D79-BF2756695FE8}.Debug|Any CPU.ActiveCfg = Debug|Any CPU
		{9F6074A5-6125-47E8-8D79-BF2756695FE8}.Debug|Any CPU.Build.0 = Debug|Any CPU
		{9F6074A5-6125-47E8-8D79-BF2756695FE8}.Debug|x64.ActiveCfg = Debug|Any CPU
		{9F6074A5-6125-47E8-8D79-BF2756695FE8}.Debug|x64.Build.0 = Debug|Any CPU
		{9F6074A5-6125-47E8-8D79-BF2756695FE8}.Debug|x86.ActiveCfg = Debug|Any CPU
		{9F6074A5-6125-47E8-8D79-BF2756695FE8}.Debug|x86.Build.0 = Debug|Any CPU
		{9F6074A5-6125-47E8-8D79-BF2756695FE8}.Release|Any CPU.ActiveCfg = Release|Any CPU
		{9F6074A5-6125-47E8-8D79-BF2756695FE8}.Release|Any CPU.Build.0 = Release|Any CPU
		{9F6074A5-6125-47E8-8D79-BF2756695FE8}.Release|x64.ActiveCfg = Release|Any CPU
		{9F6074A5-6125-47E8-8D79-BF2756695FE8}.Release|x64.Build.0 = Release|Any CPU
		{9F6074A5-6125-47E8-8D79-BF2756695FE8}.Release|x86.ActiveCfg = Release|Any CPU
		{9F6074A5-6125-47E8-8D79-BF2756695FE8}.Release|x86.Build.0 = Release|Any CPU
	EndGlobalSection
	GlobalSection(SolutionProperties) = preSolution
		HideSolutionNode = FALSE
	EndGlobalSection
	GlobalSection(ExtensibilityGlobals) = postSolution
		SolutionGuid = {D3F7AFD2-3BEE-45E4-9B29-F651BE9393B5}
	EndGlobalSection
EndGlobal
